
Microsoft Visual Studio Solution File, Format Version 12.00
# Visual Studio 14
VisualStudioVersion = 14.0.24720.0
MinimumVisualStudioVersion = 10.0.40219.1
Project("{F2A71F9B-5D33-465A-A702-920D77279786}") = "Sigma-AmazonAdvertising-Microservice", "Sigma-AmazonAdvertising-Microservice\Sigma-AmazonAdvertising-Microservice.fsproj", "{8572BC3A-26D5-4367-A53F-0D69F7E24D43}"
EndProject
Project("{F2A71F9B-5D33-465A-A702-920D77279786}") = "Sigma-Lib-Web", "Sigma-Lib-Web\Sigma-Lib-Web.fsproj", "{16D0BB4E-BD73-4517-A4EE-6B9AB22C3876}"
EndProject
Project("{F2A71F9B-5D33-465A-A702-920D77279786}") = "Sigma-Types-Job", "Sigma-Types-Job\Sigma-Types-Job.fsproj", "{30DCA0DA-0E1E-43FE-A6E4-F7D1C8A051DD}"
EndProject
Project("{F2A71F9B-5D33-465A-A702-920D77279786}") = "Sigma-Types-AmazonAdvertising", "Sigma-Types-AmazonAdvertising\Sigma-Types-AmazonAdvertising.fsproj", "{D2CB8AC2-7753-4634-87C6-BA965FA7B595}"
EndProject
Project("{F2A71F9B-5D33-465A-A702-920D77279786}") = "Sigma-AmazonAdvertising-Connector", "Sigma-AmazonAdvertising-Connector\Sigma-AmazonAdvertising-Connector.fsproj", "{ED3C387A-5310-4FC4-BA83-81B2E97F71FC}"
EndProject
Project("{F2A71F9B-5D33-465A-A702-920D77279786}") = "Sigma-Lib-Lists", "Sigma-Lib-Lists\Sigma-Lib-Lists.fsproj", "{8C8E1B95-F01B-48BD-B792-370EFB1F6270}"
EndProject
Project("{F2A71F9B-5D33-465A-A702-920D77279786}") = "Sigma-Lib-Riak", "Sigma-Lib-Riak\Sigma-Lib-Riak.fsproj", "{D4D550A0-DC90-4033-961E-F9C9AD09C13F}"
EndProject
Project("{F2A71F9B-5D33-465A-A702-920D77279786}") = "Sigma-Types-DataDog", "Sigma-Types-DataDog\Sigma-Types-DataDog.fsproj", "{89D14CA2-45E0-4797-9733-6FF74187A773}"
EndProject
Project("{F2A71F9B-5D33-465A-A702-920D77279786}") = "Sigma-Types-Protocol", "Sigma-Types-Protocol\Sigma-Types-Protocol.fsproj", "{8EFBE121-70C0-4C19-9EBC-B836D16F769F}"
EndProject
Project("{F2A71F9B-5D33-465A-A702-920D77279786}") = "Sigma-Types-API-Microservices", "Sigma-Types-API-Microservices\Sigma-Types-API-Microservices.fsproj", "{E9D49C63-DEC8-40B0-A2E7-D7D005893091}"
EndProject
Project("{F2A71F9B-5D33-465A-A702-920D77279786}") = "RabbitMQ-Interface", "Sigma-RabbitMQ-Interface\RabbitMQ-Interface.fsproj", "{4AEB4F4B-5BCE-4BFD-A07B-C6ECC3D8FF79}"
EndProject
Project("{F2A71F9B-5D33-465A-A702-920D77279786}") = "Microservice-Core-Protocol", "Sigma-Microservice-Core-Protocol\Microservice-Core-Protocol.fsproj", "{DF377465-9884-43BD-A475-10EA79E9429E}"
EndProject
Project("{F2A71F9B-5D33-465A-A702-920D77279786}") = "Sigma-Lib-Union", "Sigma-Lib-Union\Sigma-Lib-Union.fsproj", "{952BD405-A3DC-4AC1-9CC6-99ECD8A11F1A}"
EndProject
Project("{F2A71F9B-5D33-465A-A702-920D77279786}") = "Sigma-Lib-Hashing", "Sigma-Lib-Hashing\Sigma-Lib-Hashing.fsproj", "{A08A694D-52FF-47F4-A2A6-CD1836ADF90A}"
EndProject
Project("{F2A71F9B-5D33-465A-A702-920D77279786}") = "API-Engine-Microservices-Core", "Sigma-API-Microservice\API-Engine-Microservices-Core.fsproj", "{E8775818-078A-4FA3-AE7F-5C71441D3E67}"
EndProject
Global
	GlobalSection(SolutionConfigurationPlatforms) = preSolution
		Debug|Any CPU = Debug|Any CPU
		Release|Any CPU = Release|Any CPU
	EndGlobalSection
	GlobalSection(ProjectConfigurationPlatforms) = postSolution
		{8572BC3A-26D5-4367-A53F-0D69F7E24D43}.Debug|Any CPU.ActiveCfg = Debug|Any CPU
		{8572BC3A-26D5-4367-A53F-0D69F7E24D43}.Debug|Any CPU.Build.0 = Debug|Any CPU
		{8572BC3A-26D5-4367-A53F-0D69F7E24D43}.Release|Any CPU.ActiveCfg = Release|Any CPU
		{8572BC3A-26D5-4367-A53F-0D69F7E24D43}.Release|Any CPU.Build.0 = Release|Any CPU
		{16D0BB4E-BD73-4517-A4EE-6B9AB22C3876}.Debug|Any CPU.ActiveCfg = Debug|Any CPU
		{16D0BB4E-BD73-4517-A4EE-6B9AB22C3876}.Debug|Any CPU.Build.0 = Debug|Any CPU
		{16D0BB4E-BD73-4517-A4EE-6B9AB22C3876}.Release|Any CPU.ActiveCfg = Release|Any CPU
		{16D0BB4E-BD73-4517-A4EE-6B9AB22C3876}.Release|Any CPU.Build.0 = Release|Any CPU
		{30DCA0DA-0E1E-43FE-A6E4-F7D1C8A051DD}.Debug|Any CPU.ActiveCfg = Debug|Any CPU
		{30DCA0DA-0E1E-43FE-A6E4-F7D1C8A051DD}.Debug|Any CPU.Build.0 = Debug|Any CPU
		{30DCA0DA-0E1E-43FE-A6E4-F7D1C8A051DD}.Release|Any CPU.ActiveCfg = Release|Any CPU
		{30DCA0DA-0E1E-43FE-A6E4-F7D1C8A051DD}.Release|Any CPU.Build.0 = Release|Any CPU
		{D2CB8AC2-7753-4634-87C6-BA965FA7B595}.Debug|Any CPU.ActiveCfg = Debug|Any CPU
		{D2CB8AC2-7753-4634-87C6-BA965FA7B595}.Debug|Any CPU.Build.0 = Debug|Any CPU
		{D2CB8AC2-7753-4634-87C6-BA965FA7B595}.Release|Any CPU.ActiveCfg = Release|Any CPU
		{D2CB8AC2-7753-4634-87C6-BA965FA7B595}.Release|Any CPU.Build.0 = Release|Any CPU
		{ED3C387A-5310-4FC4-BA83-81B2E97F71FC}.Debug|Any CPU.ActiveCfg = Debug|Any CPU
		{ED3C387A-5310-4FC4-BA83-81B2E97F71FC}.Debug|Any CPU.Build.0 = Debug|Any CPU
		{ED3C387A-5310-4FC4-BA83-81B2E97F71FC}.Release|Any CPU.ActiveCfg = Release|Any CPU
		{ED3C387A-5310-4FC4-BA83-81B2E97F71FC}.Release|Any CPU.Build.0 = Release|Any CPU
		{8C8E1B95-F01B-48BD-B792-370EFB1F6270}.Debug|Any CPU.ActiveCfg = Debug|Any CPU
		{8C8E1B95-F01B-48BD-B792-370EFB1F6270}.Debug|Any CPU.Build.0 = Debug|Any CPU
		{8C8E1B95-F01B-48BD-B792-370EFB1F6270}.Release|Any CPU.ActiveCfg = Release|Any CPU
		{8C8E1B95-F01B-48BD-B792-370EFB1F6270}.Release|Any CPU.Build.0 = Release|Any CPU
		{D4D550A0-DC90-4033-961E-F9C9AD09C13F}.Debug|Any CPU.ActiveCfg = Debug|Any CPU
		{D4D550A0-DC90-4033-961E-F9C9AD09C13F}.Debug|Any CPU.Build.0 = Debug|Any CPU
		{D4D550A0-DC90-4033-961E-F9C9AD09C13F}.Release|Any CPU.ActiveCfg = Release|Any CPU
		{D4D550A0-DC90-4033-961E-F9C9AD09C13F}.Release|Any CPU.Build.0 = Release|Any CPU
		{89D14CA2-45E0-4797-9733-6FF74187A773}.Debug|Any CPU.ActiveCfg = Debug|Any CPU
		{89D14CA2-45E0-4797-9733-6FF74187A773}.Debug|Any CPU.Build.0 = Debug|Any CPU
		{89D14CA2-45E0-4797-9733-6FF74187A773}.Release|Any CPU.ActiveCfg = Release|Any CPU
		{89D14CA2-45E0-4797-9733-6FF74187A773}.Release|Any CPU.Build.0 = Release|Any CPU
		{8EFBE121-70C0-4C19-9EBC-B836D16F769F}.Debug|Any CPU.ActiveCfg = Debug|Any CPU
		{8EFBE121-70C0-4C19-9EBC-B836D16F769F}.Debug|Any CPU.Build.0 = Debug|Any CPU
		{8EFBE121-70C0-4C19-9EBC-B836D16F769F}.Release|Any CPU.ActiveCfg = Release|Any CPU
		{8EFBE121-70C0-4C19-9EBC-B836D16F769F}.Release|Any CPU.Build.0 = Release|Any CPU
		{E9D49C63-DEC8-40B0-A2E7-D7D005893091}.Debug|Any CPU.ActiveCfg = Debug|Any CPU
		{E9D49C63-DEC8-40B0-A2E7-D7D005893091}.Debug|Any CPU.Build.0 = Debug|Any CPU
		{E9D49C63-DEC8-40B0-A2E7-D7D005893091}.Release|Any CPU.ActiveCfg = Release|Any CPU
		{E9D49C63-DEC8-40B0-A2E7-D7D005893091}.Release|Any CPU.Build.0 = Release|Any CPU
		{4AEB4F4B-5BCE-4BFD-A07B-C6ECC3D8FF79}.Debug|Any CPU.ActiveCfg = Debug|Any CPU
		{4AEB4F4B-5BCE-4BFD-A07B-C6ECC3D8FF79}.Debug|Any CPU.Build.0 = Debug|Any CPU
		{4AEB4F4B-5BCE-4BFD-A07B-C6ECC3D8FF79}.Release|Any CPU.ActiveCfg = Release|Any CPU
		{4AEB4F4B-5BCE-4BFD-A07B-C6ECC3D8FF79}.Release|Any CPU.Build.0 = Release|Any CPU
		{DF377465-9884-43BD-A475-10EA79E9429E}.Debug|Any CPU.ActiveCfg = Debug|Any CPU
		{DF377465-9884-43BD-A475-10EA79E9429E}.Debug|Any CPU.Build.0 = Debug|Any CPU
		{DF377465-9884-43BD-A475-10EA79E9429E}.Release|Any CPU.ActiveCfg = Release|Any CPU
		{DF377465-9884-43BD-A475-10EA79E9429E}.Release|Any CPU.Build.0 = Release|Any CPU
		{952BD405-A3DC-4AC1-9CC6-99ECD8A11F1A}.Debug|Any CPU.ActiveCfg = Debug|Any CPU
		{952BD405-A3DC-4AC1-9CC6-99ECD8A11F1A}.Debug|Any CPU.Build.0 = Debug|Any CPU
		{952BD405-A3DC-4AC1-9CC6-99ECD8A11F1A}.Release|Any CPU.ActiveCfg = Release|Any CPU
		{952BD405-A3DC-4AC1-9CC6-99ECD8A11F1A}.Release|Any CPU.Build.0 = Release|Any CPU
		{A08A694D-52FF-47F4-A2A6-CD1836ADF90A}.Debug|Any CPU.ActiveCfg = Debug|Any CPU
		{A08A694D-52FF-47F4-A2A6-CD1836ADF90A}.Debug|Any CPU.Build.0 = Debug|Any CPU
		{A08A694D-52FF-47F4-A2A6-CD1836ADF90A}.Release|Any CPU.ActiveCfg = Release|Any CPU
		{A08A694D-52FF-47F4-A2A6-CD1836ADF90A}.Release|Any CPU.Build.0 = Release|Any CPU
		{E8775818-078A-4FA3-AE7F-5C71441D3E67}.Debug|Any CPU.ActiveCfg = Debug|Any CPU
		{E8775818-078A-4FA3-AE7F-5C71441D3E67}.Debug|Any CPU.Build.0 = Debug|Any CPU
		{E8775818-078A-4FA3-AE7F-5C71441D3E67}.Release|Any CPU.ActiveCfg = Release|Any CPU
		{E8775818-078A-4FA3-AE7F-5C71441D3E67}.Release|Any CPU.Build.0 = Release|Any CPU
	EndGlobalSection
	GlobalSection(SolutionProperties) = preSolution
		HideSolutionNode = FALSE
	EndGlobalSection
EndGlobal
