
Microsoft Visual Studio Solution File, Format Version 12.00
# Visual Studio 2013
VisualStudioVersion = 12.0.31101.0
MinimumVisualStudioVersion = 10.0.40219.1
Project("{F2A71F9B-5D33-465A-A702-920D77279786}") = "Sigma-Types-Job", "Sigma-Types-Job.fsproj", "{30DCA0DA-0E1E-43FE-A6E4-F7D1C8A051DD}"
EndProject
Global
	GlobalSection(SolutionConfigurationPlatforms) = preSolution
		Debug|Any CPU = Debug|Any CPU
		Release|Any CPU = Release|Any CPU
	EndGlobalSection
	GlobalSection(ProjectConfigurationPlatforms) = postSolution
		{30DCA0DA-0E1E-43FE-A6E4-F7D1C8A051DD}.Debug|Any CPU.ActiveCfg = Debug|Any CPU
		{30DCA0DA-0E1E-43FE-A6E4-F7D1C8A051DD}.Debug|Any CPU.Build.0 = Debug|Any CPU
		{30DCA0DA-0E1E-43FE-A6E4-F7D1C8A051DD}.Release|Any CPU.ActiveCfg = Release|Any CPU
		{30DCA0DA-0E1E-43FE-A6E4-F7D1C8A051DD}.Release|Any CPU.Build.0 = Release|Any CPU
	EndGlobalSection
	GlobalSection(SolutionProperties) = preSolution
		HideSolutionNode = FALSE
	EndGlobalSection
EndGlobal
